
Microsoft Visual Studio Solution File, Format Version 12.00
# Visual Studio 15
VisualStudioVersion = 15.0.27323.2
MinimumVisualStudioVersion = 10.0.40219.1
Project("{FAE04EC0-301F-11D3-BF4B-00C04F79EFBC}") = "AssemblyVersionReader", "ConsoleApp1\AssemblyVersionReader.csproj", "{7A9046EC-6AC8-4E03-AEAF-8BCA7AD3A8F5}"
EndProject
Project("{2150E333-8FDC-42A3-9474-1A3956D46DE8}") = "Solution Items", "Solution Items", "{FAF8B168-4B94-421D-BFCC-F2A71A166FCF}"
	ProjectSection(SolutionItems) = preProject
		Readme.md = Readme.md
	EndProjectSection
EndProject
Global
	GlobalSection(SolutionConfigurationPlatforms) = preSolution
		Debug|Any CPU = Debug|Any CPU
		Release|Any CPU = Release|Any CPU
	EndGlobalSection
	GlobalSection(ProjectConfigurationPlatforms) = postSolution
		{7A9046EC-6AC8-4E03-AEAF-8BCA7AD3A8F5}.Debug|Any CPU.ActiveCfg = Debug|Any CPU
		{7A9046EC-6AC8-4E03-AEAF-8BCA7AD3A8F5}.Debug|Any CPU.Build.0 = Debug|Any CPU
		{7A9046EC-6AC8-4E03-AEAF-8BCA7AD3A8F5}.Release|Any CPU.ActiveCfg = Release|Any CPU
		{7A9046EC-6AC8-4E03-AEAF-8BCA7AD3A8F5}.Release|Any CPU.Build.0 = Release|Any CPU
	EndGlobalSection
	GlobalSection(SolutionProperties) = preSolution
		HideSolutionNode = FALSE
	EndGlobalSection
	GlobalSection(ExtensibilityGlobals) = postSolution
		SolutionGuid = {4EA041C3-5431-4BD5-8AEF-57FF3B6174B1}
	EndGlobalSection
EndGlobal
